
Microsoft Visual Studio Solution File, Format Version 12.00
# Visual Studio Version 16
VisualStudioVersion = 16.0.29613.14
MinimumVisualStudioVersion = 10.0.40219.1
Project("{FAE04EC0-301F-11D3-BF4B-00C04F79EFBC}") = "EAN-13", "EAN-13\EAN-13.csproj", "{1AFE428C-F17F-45B5-9AE3-6CB10068E2D9}"
EndProject
Global
	GlobalSection(SolutionConfigurationPlatforms) = preSolution
		Debug|Any CPU = Debug|Any CPU
		Release|Any CPU = Release|Any CPU
	EndGlobalSection
	GlobalSection(ProjectConfigurationPlatforms) = postSolution
		{1AFE428C-F17F-45B5-9AE3-6CB10068E2D9}.Debug|Any CPU.ActiveCfg = Debug|Any CPU
		{1AFE428C-F17F-45B5-9AE3-6CB10068E2D9}.Debug|Any CPU.Build.0 = Debug|Any CPU
		{1AFE428C-F17F-45B5-9AE3-6CB10068E2D9}.Release|Any CPU.ActiveCfg = Release|Any CPU
		{1AFE428C-F17F-45B5-9AE3-6CB10068E2D9}.Release|Any CPU.Build.0 = Release|Any CPU
	EndGlobalSection
	GlobalSection(SolutionProperties) = preSolution
		HideSolutionNode = FALSE
	EndGlobalSection
	GlobalSection(ExtensibilityGlobals) = postSolution
		SolutionGuid = {1485AD9E-AAFF-4FAC-9AB0-FB0C81FBC6D5}
	EndGlobalSection
EndGlobal
